
Microsoft Visual Studio Solution File, Format Version 12.00
# Visual Studio Version 16
VisualStudioVersion = 16.0.31129.286
MinimumVisualStudioVersion = 10.0.40219.1
Project("{FAE04EC0-301F-11D3-BF4B-00C04F79EFBC}") = "QuizAppButtons.Android", "QuizAppButtons\QuizAppButtons.Android\QuizAppButtons.Android.csproj", "{9CF455A0-06D1-4CCF-A58A-787D2C6ABC34}"
EndProject
Project("{FAE04EC0-301F-11D3-BF4B-00C04F79EFBC}") = "QuizAppButtons.iOS", "QuizAppButtons\QuizAppButtons.iOS\QuizAppButtons.iOS.csproj", "{E790EBD5-F62F-4D17-8DA5-F30A26431D9A}"
EndProject
Project("{FAE04EC0-301F-11D3-BF4B-00C04F79EFBC}") = "QuizAppButtons", "QuizAppButtons\QuizAppButtons\QuizAppButtons.csproj", "{A9531C6C-52A4-4C5B-AE84-D8DFD0E35F4A}"
EndProject
Global
	GlobalSection(SolutionConfigurationPlatforms) = preSolution
		Debug|Any CPU = Debug|Any CPU
		Debug|iPhone = Debug|iPhone
		Debug|iPhoneSimulator = Debug|iPhoneSimulator
		Release|Any CPU = Release|Any CPU
		Release|iPhone = Release|iPhone
		Release|iPhoneSimulator = Release|iPhoneSimulator
	EndGlobalSection
	GlobalSection(ProjectConfigurationPlatforms) = postSolution
		{9CF455A0-06D1-4CCF-A58A-787D2C6ABC34}.Debug|Any CPU.ActiveCfg = Debug|Any CPU
		{9CF455A0-06D1-4CCF-A58A-787D2C6ABC34}.Debug|Any CPU.Build.0 = Debug|Any CPU
		{9CF455A0-06D1-4CCF-A58A-787D2C6ABC34}.Debug|Any CPU.Deploy.0 = Debug|Any CPU
		{9CF455A0-06D1-4CCF-A58A-787D2C6ABC34}.Debug|iPhone.ActiveCfg = Debug|Any CPU
		{9CF455A0-06D1-4CCF-A58A-787D2C6ABC34}.Debug|iPhone.Build.0 = Debug|Any CPU
		{9CF455A0-06D1-4CCF-A58A-787D2C6ABC34}.Debug|iPhone.Deploy.0 = Debug|Any CPU
		{9CF455A0-06D1-4CCF-A58A-787D2C6ABC34}.Debug|iPhoneSimulator.ActiveCfg = Debug|Any CPU
		{9CF455A0-06D1-4CCF-A58A-787D2C6ABC34}.Debug|iPhoneSimulator.Build.0 = Debug|Any CPU
		{9CF455A0-06D1-4CCF-A58A-787D2C6ABC34}.Debug|iPhoneSimulator.Deploy.0 = Debug|Any CPU
		{9CF455A0-06D1-4CCF-A58A-787D2C6ABC34}.Release|Any CPU.ActiveCfg = Release|Any CPU
		{9CF455A0-06D1-4CCF-A58A-787D2C6ABC34}.Release|Any CPU.Build.0 = Release|Any CPU
		{9CF455A0-06D1-4CCF-A58A-787D2C6ABC34}.Release|Any CPU.Deploy.0 = Release|Any CPU
		{9CF455A0-06D1-4CCF-A58A-787D2C6ABC34}.Release|iPhone.ActiveCfg = Release|Any CPU
		{9CF455A0-06D1-4CCF-A58A-787D2C6ABC34}.Release|iPhone.Build.0 = Release|Any CPU
		{9CF455A0-06D1-4CCF-A58A-787D2C6ABC34}.Release|iPhone.Deploy.0 = Release|Any CPU
		{9CF455A0-06D1-4CCF-A58A-787D2C6ABC34}.Release|iPhoneSimulator.ActiveCfg = Release|Any CPU
		{9CF455A0-06D1-4CCF-A58A-787D2C6ABC34}.Release|iPhoneSimulator.Build.0 = Release|Any CPU
		{9CF455A0-06D1-4CCF-A58A-787D2C6ABC34}.Release|iPhoneSimulator.Deploy.0 = Release|Any CPU
		{E790EBD5-F62F-4D17-8DA5-F30A26431D9A}.Debug|Any CPU.ActiveCfg = Debug|iPhone
		{E790EBD5-F62F-4D17-8DA5-F30A26431D9A}.Debug|Any CPU.Build.0 = Debug|iPhone
		{E790EBD5-F62F-4D17-8DA5-F30A26431D9A}.Debug|Any CPU.Deploy.0 = Debug|iPhone
		{E790EBD5-F62F-4D17-8DA5-F30A26431D9A}.Debug|iPhone.ActiveCfg = Debug|iPhone
		{E790EBD5-F62F-4D17-8DA5-F30A26431D9A}.Debug|iPhone.Build.0 = Debug|iPhone
		{E790EBD5-F62F-4D17-8DA5-F30A26431D9A}.Debug|iPhone.Deploy.0 = Debug|iPhone
		{E790EBD5-F62F-4D17-8DA5-F30A26431D9A}.Debug|iPhoneSimulator.ActiveCfg = Debug|iPhoneSimulator
		{E790EBD5-F62F-4D17-8DA5-F30A26431D9A}.Debug|iPhoneSimulator.Build.0 = Debug|iPhoneSimulator
		{E790EBD5-F62F-4D17-8DA5-F30A26431D9A}.Debug|iPhoneSimulator.Deploy.0 = Debug|iPhoneSimulator
		{E790EBD5-F62F-4D17-8DA5-F30A26431D9A}.Release|Any CPU.ActiveCfg = Release|iPhoneSimulator
		{E790EBD5-F62F-4D17-8DA5-F30A26431D9A}.Release|Any CPU.Build.0 = Release|iPhoneSimulator
		{E790EBD5-F62F-4D17-8DA5-F30A26431D9A}.Release|Any CPU.Deploy.0 = Release|iPhoneSimulator
		{E790EBD5-F62F-4D17-8DA5-F30A26431D9A}.Release|iPhone.ActiveCfg = Release|iPhone
		{E790EBD5-F62F-4D17-8DA5-F30A26431D9A}.Release|iPhone.Build.0 = Release|iPhone
		{E790EBD5-F62F-4D17-8DA5-F30A26431D9A}.Release|iPhone.Deploy.0 = Release|iPhone
		{E790EBD5-F62F-4D17-8DA5-F30A26431D9A}.Release|iPhoneSimulator.ActiveCfg = Release|iPhoneSimulator
		{E790EBD5-F62F-4D17-8DA5-F30A26431D9A}.Release|iPhoneSimulator.Build.0 = Release|iPhoneSimulator
		{E790EBD5-F62F-4D17-8DA5-F30A26431D9A}.Release|iPhoneSimulator.Deploy.0 = Release|iPhoneSimulator
		{A9531C6C-52A4-4C5B-AE84-D8DFD0E35F4A}.Debug|Any CPU.ActiveCfg = Debug|Any CPU
		{A9531C6C-52A4-4C5B-AE84-D8DFD0E35F4A}.Debug|Any CPU.Build.0 = Debug|Any CPU
		{A9531C6C-52A4-4C5B-AE84-D8DFD0E35F4A}.Debug|Any CPU.Deploy.0 = Debug|Any CPU
		{A9531C6C-52A4-4C5B-AE84-D8DFD0E35F4A}.Debug|iPhone.ActiveCfg = Debug|Any CPU
		{A9531C6C-52A4-4C5B-AE84-D8DFD0E35F4A}.Debug|iPhone.Build.0 = Debug|Any CPU
		{A9531C6C-52A4-4C5B-AE84-D8DFD0E35F4A}.Debug|iPhone.Deploy.0 = Debug|Any CPU
		{A9531C6C-52A4-4C5B-AE84-D8DFD0E35F4A}.Debug|iPhoneSimulator.ActiveCfg = Debug|Any CPU
		{A9531C6C-52A4-4C5B-AE84-D8DFD0E35F4A}.Debug|iPhoneSimulator.Build.0 = Debug|Any CPU
		{A9531C6C-52A4-4C5B-AE84-D8DFD0E35F4A}.Debug|iPhoneSimulator.Deploy.0 = Debug|Any CPU
		{A9531C6C-52A4-4C5B-AE84-D8DFD0E35F4A}.Release|Any CPU.ActiveCfg = Release|Any CPU
		{A9531C6C-52A4-4C5B-AE84-D8DFD0E35F4A}.Release|Any CPU.Build.0 = Release|Any CPU
		{A9531C6C-52A4-4C5B-AE84-D8DFD0E35F4A}.Release|Any CPU.Deploy.0 = Release|Any CPU
		{A9531C6C-52A4-4C5B-AE84-D8DFD0E35F4A}.Release|iPhone.ActiveCfg = Release|Any CPU
		{A9531C6C-52A4-4C5B-AE84-D8DFD0E35F4A}.Release|iPhone.Build.0 = Release|Any CPU
		{A9531C6C-52A4-4C5B-AE84-D8DFD0E35F4A}.Release|iPhone.Deploy.0 = Release|Any CPU
		{A9531C6C-52A4-4C5B-AE84-D8DFD0E35F4A}.Release|iPhoneSimulator.ActiveCfg = Release|Any CPU
		{A9531C6C-52A4-4C5B-AE84-D8DFD0E35F4A}.Release|iPhoneSimulator.Build.0 = Release|Any CPU
		{A9531C6C-52A4-4C5B-AE84-D8DFD0E35F4A}.Release|iPhoneSimulator.Deploy.0 = Release|Any CPU
	EndGlobalSection
	GlobalSection(SolutionProperties) = preSolution
		HideSolutionNode = FALSE
	EndGlobalSection
	GlobalSection(ExtensibilityGlobals) = postSolution
		SolutionGuid = {F5F44676-CD42-48DB-8859-B0CF786B9CE1}
	EndGlobalSection
EndGlobal
